Microsoft Visual Studio Solution File, Format Version 12.00
# Visual Studio Version 17
VisualStudioVersion = 17.5.2.0
MinimumVisualStudioVersion = 10.0.40219.1
Project("{FAE04EC0-301F-11D3-BF4B-00C04F79EFBC}") = "BambooHR", "source\ClientSpaBambooHRce.csproj", "{837263EE-2493-5F8E-1517-4139911BF305}"
EndProject
Project("{FAE04EC0-301F-11D3-BF4B-00C04F79EFBC}") = "BambooHR.Tests", "tests\BambooHR.Tests.csproj", "{F86AEC10-DAF9-6640-B96D-95810B013EEA}"
EndProject
Global
	GlobalSection(SolutionConfigurationPlatforms) = preSolution
		Debug|Any CPU = Debug|Any CPU
		Release|Any CPU = Release|Any CPU
	EndGlobalSection
	GlobalSection(ProjectConfigurationPlatforms) = postSolution
		{837263EE-2493-5F8E-1517-4139911BF305}.Debug|Any CPU.ActiveCfg = Debug|Any CPU
		{837263EE-2493-5F8E-1517-4139911BF305}.Debug|Any CPU.Build.0 = Debug|Any CPU
		{837263EE-2493-5F8E-1517-4139911BF305}.Release|Any CPU.ActiveCfg = Release|Any CPU
		{837263EE-2493-5F8E-1517-4139911BF305}.Release|Any CPU.Build.0 = Release|Any CPU
		{F86AEC10-DAF9-6640-B96D-95810B013EEA}.Debug|Any CPU.ActiveCfg = Debug|Any CPU
		{F86AEC10-DAF9-6640-B96D-95810B013EEA}.Debug|Any CPU.Build.0 = Debug|Any CPU
		{F86AEC10-DAF9-6640-B96D-95810B013EEA}.Release|Any CPU.ActiveCfg = Release|Any CPU
		{F86AEC10-DAF9-6640-B96D-95810B013EEA}.Release|Any CPU.Build.0 = Release|Any CPU
	EndGlobalSection
	GlobalSection(SolutionProperties) = preSolution
		HideSolutionNode = FALSE
	EndGlobalSection
	GlobalSection(ExtensibilityGlobals) = postSolution
		SolutionGuid = {789C8CA1-485D-4A6F-A824-3D3ABB9EE9BA}
	EndGlobalSection
EndGlobal
